
Microsoft Visual Studio Solution File, Format Version 12.00
# Visual Studio 15
VisualStudioVersion = 15.0.28307.489
MinimumVisualStudioVersion = 10.0.40219.1
Project("{FAE04EC0-301F-11D3-BF4B-00C04F79EFBC}") = "Entregable", "Entregable\Entregable.csproj", "{11DB16B9-57E8-4ECB-97F7-BC9B50AA433E}"
EndProject
Project("{FAE04EC0-301F-11D3-BF4B-00C04F79EFBC}") = "Logica", "Logica\Logica.csproj", "{0B86A94F-93F4-442A-8FEC-47E74AC865A2}"
EndProject
Global
	GlobalSection(SolutionConfigurationPlatforms) = preSolution
		Debug|Any CPU = Debug|Any CPU
		Release|Any CPU = Release|Any CPU
	EndGlobalSection
	GlobalSection(ProjectConfigurationPlatforms) = postSolution
		{11DB16B9-57E8-4ECB-97F7-BC9B50AA433E}.Debug|Any CPU.ActiveCfg = Debug|Any CPU
		{11DB16B9-57E8-4ECB-97F7-BC9B50AA433E}.Debug|Any CPU.Build.0 = Debug|Any CPU
		{11DB16B9-57E8-4ECB-97F7-BC9B50AA433E}.Release|Any CPU.ActiveCfg = Release|Any CPU
		{11DB16B9-57E8-4ECB-97F7-BC9B50AA433E}.Release|Any CPU.Build.0 = Release|Any CPU
		{0B86A94F-93F4-442A-8FEC-47E74AC865A2}.Debug|Any CPU.ActiveCfg = Debug|Any CPU
		{0B86A94F-93F4-442A-8FEC-47E74AC865A2}.Debug|Any CPU.Build.0 = Debug|Any CPU
		{0B86A94F-93F4-442A-8FEC-47E74AC865A2}.Release|Any CPU.ActiveCfg = Release|Any CPU
		{0B86A94F-93F4-442A-8FEC-47E74AC865A2}.Release|Any CPU.Build.0 = Release|Any CPU
	EndGlobalSection
	GlobalSection(SolutionProperties) = preSolution
		HideSolutionNode = FALSE
	EndGlobalSection
	GlobalSection(ExtensibilityGlobals) = postSolution
		SolutionGuid = {B6EEA27C-CBA6-476B-93F6-2C36ADEBF64A}
	EndGlobalSection
EndGlobal
